// !$*UTF8*$!
{
	archiveVersion = 1;
	classes = {
	};
	objectVersion = 46;
	objects = {

/* Begin PBXBuildFile section */
		17FB73421C6DE497000CFC48 /* AppDelegate.swift in Sources */ = {isa = PBXBuildFile; fileRef = 17FB73411C6DE497000CFC48 /* AppDelegate.swift */; };
		17FB73441C6DE497000CFC48 /* ViewController.swift in Sources */ = {isa = PBXBuildFile; fileRef = 17FB73431C6DE497000CFC48 /* ViewController.swift */; };
		17FB73471C6DE497000CFC48 /* Main.storyboard in Resources */ = {isa = PBXBuildFile; fileRef = 17FB73451C6DE497000CFC48 /* Main.storyboard */; };
		17FB73491C6DE497000CFC48 /* Assets.xcassets in Resources */ = {isa = PBXBuildFile; fileRef = 17FB73481C6DE497000CFC48 /* Assets.xcassets */; };
		17FB734C1C6DE497000CFC48 /* LaunchScreen.storyboard in Resources */ = {isa = PBXBuildFile; fileRef = 17FB734A1C6DE497000CFC48 /* LaunchScreen.storyboard */; };
		17FB73541C6DE7C6000CFC48 /* pokemon.csv in Resources */ = {isa = PBXBuildFile; fileRef = 17FB73531C6DE7C6000CFC48 /* pokemon.csv */; };
/* End PBXBuildFile section */

/* Begin PBXFileReference section */
		17FB733E1C6DE497000CFC48 /* inventory.app */ = {isa = PBXFileReference; explicitFileType = wrapper.application; includeInIndex = 0; path = inventory.app; sourceTree = BUILT_PRODUCTS_DIR; };
		17FB73411C6DE497000CFC48 /* AppDelegate.swift */ = {isa = PBXFileReference; lastKnownFileType = sourcecode.swift; path = AppDelegate.swift; sourceTree = "<group>"; };
		17FB73431C6DE497000CFC48 /* ViewController.swift */ = {isa = PBXFileReference; lastKnownFileType = sourcecode.swift; path = ViewController.swift; sourceTree = "<group>"; };
		17FB73461C6DE497000CFC48 /* Base */ = {isa = PBXFileReference; lastKnownFileType = file.storyboard; name = Base; path = Base.lproj/Main.storyboard; sourceTree = "<group>"; };
		17FB73481C6DE497000CFC48 /* Assets.xcassets */ = {isa = PBXFileReference; lastKnownFileType = folder.assetcatalog; path = Assets.xcassets; sourceTree = "<group>"; };
		17FB734B1C6DE497000CFC48 /* Base */ = {isa = PBXFileReference; lastKnownFileType = file.storyboard; name = Base; path = Base.lproj/LaunchScreen.storyboard; sourceTree = "<group>"; };
		17FB734D1C6DE497000CFC48 /* Info.plist */ = {isa = PBXFileReference; lastKnownFileType = text.plist.xml; path = Info.plist; sourceTree = "<group>"; };
		17FB73531C6DE7C6000CFC48 /* pokemon.csv */ = {isa = PBXFileReference; fileEncoding = 4; lastKnownFileType = text; path = pokemon.csv; sourceTree = "<group>"; };
/* End PBXFileReference section */

/* Begin PBXFrameworksBuildPhase section */
		17FB733B1C6DE497000CFC48 /* Frameworks */ = {
			isa = PBXFrameworksBuildPhase;
			buildActionMask = 2147483647;
			files = (
			);
			runOnlyForDeploymentPostprocessing = 0;
		};
/* End PBXFrameworksBuildPhase section */

/* Begin PBXGroup section */
		17FB73351C6DE497000CFC48 = {
			isa = PBXGroup;
			children = (
				17FB73401C6DE497000CFC48 /* inventory */,
				17FB733F1C6DE497000CFC48 /* Products */,
			);
			sourceTree = "<group>";
		};
		17FB733F1C6DE497000CFC48 /* Products */ = {
			isa = PBXGroup;
			children = (
				17FB733E1C6DE497000CFC48 /* inventory.app */,
			);
			name = Products;
			sourceTree = "<group>";
		};
		17FB73401C6DE497000CFC48 /* inventory */ = {
			isa = PBXGroup;
			children = (
				17FB73411C6DE497000CFC48 /* AppDelegate.swift */,
				17FB73431C6DE497000CFC48 /* ViewController.swift */,
				17FB73531C6DE7C6000CFC48 /* pokemon.csv */,
				17FB73451C6DE497000CFC48 /* Main.storyboard */,
				17FB73481C6DE497000CFC48 /* Assets.xcassets */,
				17FB734A1C6DE497000CFC48 /* LaunchScreen.storyboard */,
				17FB734D1C6DE497000CFC48 /* Info.plist */,
			);
			path = inventory;
			sourceTree = "<group>";
		};
/* End PBXGroup section */

/* Begin PBXNativeTarget section */
		17FB733D1C6DE497000CFC48 /* inventory */ = {
			isa = PBXNativeTarget;
			buildConfigurationList = 17FB73501C6DE497000CFC48 /* Build configuration list for PBXNativeTarget "inventory" */;
			buildPhases = (
				17FB733A1C6DE497000CFC48 /* Sources */,
				17FB733B1C6DE497000CFC48 /* Frameworks */,
				17FB733C1C6DE497000CFC48 /* Resources */,
			);
			buildRules = (
			);
			dependencies = (
			);
			name = inventory;
			productName = inventory;
			productReference = 17FB733E1C6DE497000CFC48 /* inventory.app */;
			productType = "com.apple.product-type.application";
		};
/* End PBXNativeTarget section */

/* Begin PBXProject section */
		17FB73361C6DE497000CFC48 /* Project object */ = {
			isa = PBXProject;
			attributes = {
				LastSwiftUpdateCheck = 0720;
				LastUpgradeCheck = 0720;
				ORGANIZATIONNAME = voloaga;
				TargetAttributes = {
					17FB733D1C6DE497000CFC48 = {
						CreatedOnToolsVersion = 7.2.1;
						DevelopmentTeam = XVS727W7LV;
					};
				};
			};
			buildConfigurationList = 17FB73391C6DE497000CFC48 /* Build configuration list for PBXProject "inventory" */;
			compatibilityVersion = "Xcode 3.2";
			developmentRegion = English;
			hasScannedForEncodings = 0;
			knownRegions = (
				en,
				Base,
			);
			mainGroup = 17FB73351C6DE497000CFC48;
			productRefGroup = 17FB733F1C6DE497000CFC48 /* Products */;
			projectDirPath = "";
			projectRoot = "";
			targets = (
				17FB733D1C6DE497000CFC48 /* inventory */,
			);
		};
/* End PBXProject section */

/* Begin PBXResourcesBuildPhase section */
		17FB733C1C6DE497000CFC48 /* Resources */ = {
			isa = PBXResourcesBuildPhase;
			buildActionMask = 2147483647;
			files = (
				17FB734C1C6DE497000CFC48 /* LaunchScreen.storyboard in Resources */,
				17FB73491C6DE497000CFC48 /* Assets.xcassets in Resources */,
				17FB73541C6DE7C6000CFC48 /* pokemon.csv in Resources */,
				17FB73471C6DE497000CFC48 /* Main.storyboard in Resources */,
			);
			runOnlyForDeploymentPostprocessing = 0;
		};
/* End PBXResourcesBuildPhase section */

/* Begin PBXSourcesBuildPhase section */
		17FB733A1C6DE497000CFC48 /* Sources */ = {
			isa = PBXSourcesBuildPhase;
			buildActionMask = 2147483647;
			files = (
				17FB73441C6DE497000CFC48 /* ViewController.swift in Sources */,
				17FB73421C6DE497000CFC48 /* AppDelegate.swift in Sources */,
			);
			runOnlyForDeploymentPostprocessing = 0;
		};
/* End PBXSourcesBuildPhase section */

/* Begin PBXVariantGroup section */
		17FB73451C6DE497000CFC48 /* Main.storyboard */ = {
			isa = PBXVariantGroup;
			children = (
				17FB73461C6DE497000CFC48 /* Base */,
			);
			name = Main.storyboard;
			sourceTree = "<group>";
		};
		17FB734A1C6DE497000CFC48 /* LaunchScreen.storyboard */ = {
			isa = PBXVariantGroup;
			children = (
				17FB734B1C6DE497000CFC48 /* Base */,
			);
			name = LaunchScreen.storyboard;
			sourceTree = "<group>";
		};
/* End PBXVariantGroup section */

/* Begin XCBuildConfiguration section */
		17FB734E1C6DE497000CFC48 /* Debug */ = {
			isa = XCBuildConfiguration;
			buildSettings = {
				ALWAYS_SEARCH_USER_PATHS = NO;
				CLANG_CXX_LANGUAGE_STANDARD = "gnu++0x";
				CLANG_CXX_LIBRARY = "libc++";
				CLANG_ENABLE_MODULES = YES;
				CLANG_ENABLE_OBJC_ARC = YES;
				CLANG_WARN_BOOL_CONVERSION = YES;
				CLANG_WARN_CONSTANT_CONVERSION = YES;
				CLANG_WARN_DIRECT_OBJC_ISA_USAGE = YES_ERROR;
				CLANG_WARN_EMPTY_BODY = YES;
				CLANG_WARN_ENUM_CONVERSION = YES;
				CLANG_WARN_INT_CONVERSION = YES;
				CLANG_WARN_OBJC_ROOT_CLASS = YES_ERROR;
				CLANG_WARN_UNREACHABLE_CODE = YES;
				CLANG_WARN__DUPLICATE_METHOD_MATCH = YES;
				"CODE_SIGN_IDENTITY[sdk=iphoneos*]" = "iPhone Developer";
				COPY_PHASE_STRIP = NO;
				DEBUG_INFORMATION_FORMAT = dwarf;
				ENABLE_STRICT_OBJC_MSGSEND = YES;
				ENABLE_TESTABILITY = YES;
				GCC_C_LANGUAGE_STANDARD = gnu99;
				GCC_DYNAMIC_NO_PIC = NO;
				GCC_NO_COMMON_BLOCKS = YES;
				GCC_OPTIMIZATION_LEVEL = 0;
				GCC_PREPROCESSOR_DEFINITIONS = (
					"DEBUG=1",
					"$(inherited)",
				);
				GCC_WARN_64_TO_32_BIT_CONVERSION = YES;
				GCC_WARN_ABOUT_RETURN_TYPE = YES_ERROR;
				GCC_WARN_UNDECLARED_SELECTOR = YES;
				GCC_WARN_UNINITIALIZED_AUTOS = YES_AGGRESSIVE;
				GCC_WARN_UNUSED_FUNCTION = YES;
				GCC_WARN_UNUSED_VARIABLE = YES;
				IPHONEOS_DEPLOYMENT_TARGET = 9.2;
				MTL_ENABLE_DEBUG_INFO = YES;
				ONLY_ACTIVE_ARCH = YES;
				SDKROOT = iphoneos;
				SWIFT_OPTIMIZATION_LEVEL = "-Onone";
				TARGETED_DEVICE_FAMILY = "1,2";
			};
			name = Debug;
		};
		17FB734F1C6DE497000CFC48 /* Release */ = {
			isa = XCBuildConfiguration;
			buildSettings = {
				ALWAYS_SEARCH_USER_PATHS = NO;
				CLANG_CXX_LANGUAGE_STANDARD = "gnu++0x";
				CLANG_CXX_LIBRARY = "libc++";
				CLANG_ENABLE_MODULES = YES;
				CLANG_ENABLE_OBJC_ARC = YES;
				CLANG_WARN_BOOL_CONVERSION = YES;
				CLANG_WARN_CONSTANT_CONVERSION = YES;
				CLANG_WARN_DIRECT_OBJC_ISA_USAGE = YES_ERROR;
				CLANG_WARN_EMPTY_BODY = YES;
				CLANG_WARN_ENUM_CONVERSION = YES;
				CLANG_WARN_INT_CONVERSION = YES;
				CLANG_WARN_OBJC_ROOT_CLASS = YES_ERROR;
				CLANG_WARN_UNREACHABLE_CODE = YES;
				CLANG_WARN__DUPLICATE_METHOD_MATCH = YES;
				"CODE_SIGN_IDENTITY[sdk=iphoneos*]" = "iPhone Developer";
				COPY_PHASE_STRIP = NO;
				DEBUG_INFORMATION_FORMAT = "dwarf-with-dsym";
				ENABLE_NS_ASSERTIONS = NO;
				ENABLE_STRICT_OBJC_MSGSEND = YES;
				GCC_C_LANGUAGE_STANDARD = gnu99;
				GCC_NO_COMMON_BLOCKS = YES;
				GCC_WARN_64_TO_32_BIT_CONVERSION = YES;
				GCC_WARN_ABOUT_RETURN_TYPE = YES_ERROR;
				GCC_WARN_UNDECLARED_SELECTOR = YES;
				GCC_WARN_UNINITIALIZED_AUTOS = YES_AGGRESSIVE;
				GCC_WARN_UNUSED_FUNCTION = YES;
				GCC_WARN_UNUSED_VARIABLE = YES;
				IPHONEOS_DEPLOYMENT_TARGET = 9.2;
				MTL_ENABLE_DEBUG_INFO = NO;
				SDKROOT = iphoneos;
				TARGETED_DEVICE_FAMILY = "1,2";
				VALIDATE_PRODUCT = YES;
			};
			name = Release;
		};
		17FB73511C6DE497000CFC48 /* Debug */ = {
			isa = XCBuildConfiguration;
			buildSettings = {
				ASSETCATALOG_COMPILER_APPICON_NAME = AppIcon;
				INFOPLIST_FILE = inventory/Info.plist;
				LD_RUNPATH_SEARCH_PATHS = "$(inherited) @executable_path/Frameworks";
				PRODUCT_BUNDLE_IDENTIFIER = com.voloaga.inventory;
				PRODUCT_NAME = "$(TARGET_NAME)";
			};
			name = Debug;
		};
		17FB73521C6DE497000CFC48 /* Release */ = {
			isa = XCBuildConfiguration;
			buildSettings = {
				ASSETCATALOG_COMPILER_APPICON_NAME = AppIcon;
				INFOPLIST_FILE = inventory/Info.plist;
				LD_RUNPATH_SEARCH_PATHS = "$(inherited) @executable_path/Frameworks";
				PRODUCT_BUNDLE_IDENTIFIER = com.voloaga.inventory;
				PRODUCT_NAME = "$(TARGET_NAME)";
			};
			name = Release;
		};
/* End XCBuildConfiguration section */

/* Begin XCConfigurationList section */
		17FB73391C6DE497000CFC48 /* Build configuration list for PBXProject "inventory" */ = {
			isa = XCConfigurationList;
			buildConfigurations = (
				17FB734E1C6DE497000CFC48 /* Debug */,
				17FB734F1C6DE497000CFC48 /* Release */,
			);
			defaultConfigurationIsVisible = 0;
			defaultConfigurationName = Release;
		};
		17FB73501C6DE497000CFC48 /* Build configuration list for PBXNativeTarget "inventory" */ = {
			isa = XCConfigurationList;
			buildConfigurations = (
				17FB73511C6DE497000CFC48 /* Debug */,
				17FB73521C6DE497000CFC48 /* Release */,
			);
			defaultConfigurationIsVisible = 0;
		};
/* End XCConfigurationList section */
	};
	rootObject = 17FB73361C6DE497000CFC48 /* Project object */;
}
